
Microsoft Visual Studio Solution File, Format Version 12.00
# Visual Studio Version 17
VisualStudioVersion = 17.3.32901.215
MinimumVisualStudioVersion = 10.0.40219.1
Project("{9A19103F-16F7-4668-BE54-9A1E7A4F7556}") = "MonkeyFinancesMVC", "MonkeyFinancesMVC\MonkeyFinancesMVC.csproj", "{C7FEEFC8-C3AF-4C36-8750-7D5382844791}"
EndProject
Global
	GlobalSection(SolutionConfigurationPlatforms) = preSolution
		Debug|Any CPU = Debug|Any CPU
		Release|Any CPU = Release|Any CPU
	EndGlobalSection
	GlobalSection(ProjectConfigurationPlatforms) = postSolution
		{C7FEEFC8-C3AF-4C36-8750-7D5382844791}.Debug|Any CPU.ActiveCfg = Debug|Any CPU
		{C7FEEFC8-C3AF-4C36-8750-7D5382844791}.Debug|Any CPU.Build.0 = Debug|Any CPU
		{C7FEEFC8-C3AF-4C36-8750-7D5382844791}.Release|Any CPU.ActiveCfg = Release|Any CPU
		{C7FEEFC8-C3AF-4C36-8750-7D5382844791}.Release|Any CPU.Build.0 = Release|Any CPU
	EndGlobalSection
	GlobalSection(SolutionProperties) = preSolution
		HideSolutionNode = FALSE
	EndGlobalSection
	GlobalSection(ExtensibilityGlobals) = postSolution
		SolutionGuid = {053F30D1-A526-4CCE-84EB-CEDF21235050}
	EndGlobalSection
EndGlobal
